// !$*UTF8*$!
{
	archiveVersion = 1;
	classes = {
	};
	objectVersion = 56;
	objects = {

/* Begin PBXBuildFile section */
		C11D2B7629CF9FFE00A218BC /* AccountSettingsView.swift in Sources */ = {isa = PBXBuildFile; fileRef = C11D2B7529CF9FFE00A218BC /* AccountSettingsView.swift */; };
		C11D2B7A29D2531300A218BC /* HKUnit.swift in Sources */ = {isa = PBXBuildFile; fileRef = C11D2B7929D2531300A218BC /* HKUnit.swift */; };
		C11D2B7C29D2593300A218BC /* LoopCircleView.swift in Sources */ = {isa = PBXBuildFile; fileRef = C11D2B7B29D2593300A218BC /* LoopCircleView.swift */; };
		C11D2B7E29D2596800A218BC /* LoopCompletionFreshness.swift in Sources */ = {isa = PBXBuildFile; fileRef = C11D2B7D29D2596800A218BC /* LoopCompletionFreshness.swift */; };
		C11D2B8029D2598A00A218BC /* TimeInterval.swift in Sources */ = {isa = PBXBuildFile; fileRef = C11D2B7F29D2598A00A218BC /* TimeInterval.swift */; };
		C11D2B9C29D2746800A218BC /* FolloweeSummaryView.swift in Sources */ = {isa = PBXBuildFile; fileRef = C11D2B9B29D2746800A218BC /* FolloweeSummaryView.swift */; };
		C16D40B329AE6546009504BB /* SummaryViewModelMock.swift in Sources */ = {isa = PBXBuildFile; fileRef = C16D40B229AE6546009504BB /* SummaryViewModelMock.swift */; };
		C1787D5A29B0183400C9D551 /* TidepoolKit in Frameworks */ = {isa = PBXBuildFile; productRef = C1787D5929B0183400C9D551 /* TidepoolKit */; };
		C1787D5C29B018C000C9D551 /* LoopKit.framework in Frameworks */ = {isa = PBXBuildFile; fileRef = C1787D5B29B018C000C9D551 /* LoopKit.framework */; };
		C1787D5D29B018C000C9D551 /* LoopKit.framework in Embed Frameworks */ = {isa = PBXBuildFile; fileRef = C1787D5B29B018C000C9D551 /* LoopKit.framework */; settings = {ATTRIBUTES = (CodeSignOnCopy, RemoveHeadersOnCopy, ); }; };
		C1787D6529B6719900C9D551 /* CarePartnerTests.swift in Sources */ = {isa = PBXBuildFile; fileRef = C1787D6429B6719900C9D551 /* CarePartnerTests.swift */; };
		C19F116B29AD47830055AC28 /* SummaryViewModel.swift in Sources */ = {isa = PBXBuildFile; fileRef = C19F116A29AD47830055AC28 /* SummaryViewModel.swift */; };
		C19F116E29AD4AEA0055AC28 /* TidepoolClient.swift in Sources */ = {isa = PBXBuildFile; fileRef = C19F116D29AD4AEA0055AC28 /* TidepoolClient.swift */; };
		C19F117129AD5A620055AC28 /* OSLog.swift in Sources */ = {isa = PBXBuildFile; fileRef = C19F117029AD5A620055AC28 /* OSLog.swift */; };
		C19F117429AE583A0055AC28 /* FollowedAccount.swift in Sources */ = {isa = PBXBuildFile; fileRef = C19F117329AE583A0055AC28 /* FollowedAccount.swift */; };
		C1DDFAA329A5895E0019E4CB /* CarePartnerApp.swift in Sources */ = {isa = PBXBuildFile; fileRef = C1DDFAA229A5895E0019E4CB /* CarePartnerApp.swift */; };
		C1DDFAA529A5895E0019E4CB /* SummaryView.swift in Sources */ = {isa = PBXBuildFile; fileRef = C1DDFAA429A5895E0019E4CB /* SummaryView.swift */; };
		C1DDFAA729A5895F0019E4CB /* Assets.xcassets in Resources */ = {isa = PBXBuildFile; fileRef = C1DDFAA629A5895F0019E4CB /* Assets.xcassets */; };
		C1DDFAAB29A5895F0019E4CB /* Preview Assets.xcassets in Resources */ = {isa = PBXBuildFile; fileRef = C1DDFAAA29A5895F0019E4CB /* Preview Assets.xcassets */; };
/* End PBXBuildFile section */

/* Begin PBXContainerItemProxy section */
		C1787D6629B6719900C9D551 /* PBXContainerItemProxy */ = {
			isa = PBXContainerItemProxy;
			containerPortal = C1DDFA9729A5895E0019E4CB /* Project object */;
			proxyType = 1;
			remoteGlobalIDString = C1DDFA9E29A5895E0019E4CB;
			remoteInfo = CarePartner;
		};
/* End PBXContainerItemProxy section */

/* Begin PBXCopyFilesBuildPhase section */
		C19F116929AD38E00055AC28 /* Embed Frameworks */ = {
			isa = PBXCopyFilesBuildPhase;
			buildActionMask = 2147483647;
			dstPath = "";
			dstSubfolderSpec = 10;
			files = (
				C1787D5D29B018C000C9D551 /* LoopKit.framework in Embed Frameworks */,
			);
			name = "Embed Frameworks";
			runOnlyForDeploymentPostprocessing = 0;
		};
/* End PBXCopyFilesBuildPhase section */

/* Begin PBXFileReference section */
		C11D2B7529CF9FFE00A218BC /* AccountSettingsView.swift */ = {isa = PBXFileReference; lastKnownFileType = sourcecode.swift; path = AccountSettingsView.swift; sourceTree = "<group>"; };
		C11D2B7929D2531300A218BC /* HKUnit.swift */ = {isa = PBXFileReference; lastKnownFileType = sourcecode.swift; path = HKUnit.swift; sourceTree = "<group>"; };
		C11D2B7B29D2593300A218BC /* LoopCircleView.swift */ = {isa = PBXFileReference; lastKnownFileType = sourcecode.swift; path = LoopCircleView.swift; sourceTree = "<group>"; };
		C11D2B7D29D2596800A218BC /* LoopCompletionFreshness.swift */ = {isa = PBXFileReference; lastKnownFileType = sourcecode.swift; path = LoopCompletionFreshness.swift; sourceTree = "<group>"; };
		C11D2B7F29D2598A00A218BC /* TimeInterval.swift */ = {isa = PBXFileReference; lastKnownFileType = sourcecode.swift; path = TimeInterval.swift; sourceTree = "<group>"; };
		C11D2B9B29D2746800A218BC /* FolloweeSummaryView.swift */ = {isa = PBXFileReference; lastKnownFileType = sourcecode.swift; path = FolloweeSummaryView.swift; sourceTree = "<group>"; };
		C16D40B229AE6546009504BB /* SummaryViewModelMock.swift */ = {isa = PBXFileReference; lastKnownFileType = sourcecode.swift; path = SummaryViewModelMock.swift; sourceTree = "<group>"; };
		C1787D5B29B018C000C9D551 /* LoopKit.framework */ = {isa = PBXFileReference; explicitFileType = wrapper.framework; path = LoopKit.framework; sourceTree = BUILT_PRODUCTS_DIR; };
		C1787D6229B6719900C9D551 /* CarePartnerTests.xctest */ = {isa = PBXFileReference; explicitFileType = wrapper.cfbundle; includeInIndex = 0; path = CarePartnerTests.xctest; sourceTree = BUILT_PRODUCTS_DIR; };
		C1787D6429B6719900C9D551 /* CarePartnerTests.swift */ = {isa = PBXFileReference; lastKnownFileType = sourcecode.swift; path = CarePartnerTests.swift; sourceTree = "<group>"; };
		C19F116129AD38D40055AC28 /* Info.plist */ = {isa = PBXFileReference; lastKnownFileType = text.plist; path = Info.plist; sourceTree = "<group>"; };
		C19F116329AD38E00055AC28 /* TidepoolKit.framework */ = {isa = PBXFileReference; explicitFileType = wrapper.framework; path = TidepoolKit.framework; sourceTree = BUILT_PRODUCTS_DIR; };
		C19F116429AD38E00055AC28 /* TidepoolKitUI.framework */ = {isa = PBXFileReference; explicitFileType = wrapper.framework; path = TidepoolKitUI.framework; sourceTree = BUILT_PRODUCTS_DIR; };
		C19F116A29AD47830055AC28 /* SummaryViewModel.swift */ = {isa = PBXFileReference; lastKnownFileType = sourcecode.swift; path = SummaryViewModel.swift; sourceTree = "<group>"; };
		C19F116D29AD4AEA0055AC28 /* TidepoolClient.swift */ = {isa = PBXFileReference; lastKnownFileType = sourcecode.swift; path = TidepoolClient.swift; sourceTree = "<group>"; };
		C19F117029AD5A620055AC28 /* OSLog.swift */ = {isa = PBXFileReference; lastKnownFileType = sourcecode.swift; path = OSLog.swift; sourceTree = "<group>"; };
		C19F117329AE583A0055AC28 /* FollowedAccount.swift */ = {isa = PBXFileReference; lastKnownFileType = sourcecode.swift; path = FollowedAccount.swift; sourceTree = "<group>"; };
		C1DDFA9F29A5895E0019E4CB /* CarePartner.app */ = {isa = PBXFileReference; explicitFileType = wrapper.application; includeInIndex = 0; path = CarePartner.app; sourceTree = BUILT_PRODUCTS_DIR; };
		C1DDFAA229A5895E0019E4CB /* CarePartnerApp.swift */ = {isa = PBXFileReference; lastKnownFileType = sourcecode.swift; path = CarePartnerApp.swift; sourceTree = "<group>"; };
		C1DDFAA429A5895E0019E4CB /* SummaryView.swift */ = {isa = PBXFileReference; lastKnownFileType = sourcecode.swift; path = SummaryView.swift; sourceTree = "<group>"; };
		C1DDFAA629A5895F0019E4CB /* Assets.xcassets */ = {isa = PBXFileReference; lastKnownFileType = folder.assetcatalog; path = Assets.xcassets; sourceTree = "<group>"; };
		C1DDFAA829A5895F0019E4CB /* CarePartner.entitlements */ = {isa = PBXFileReference; lastKnownFileType = text.plist.entitlements; path = CarePartner.entitlements; sourceTree = "<group>"; };
		C1DDFAAA29A5895F0019E4CB /* Preview Assets.xcassets */ = {isa = PBXFileReference; lastKnownFileType = folder.assetcatalog; path = "Preview Assets.xcassets"; sourceTree = "<group>"; };
/* End PBXFileReference section */

/* Begin PBXFrameworksBuildPhase section */
		C1787D5F29B6719900C9D551 /* Frameworks */ = {
			isa = PBXFrameworksBuildPhase;
			buildActionMask = 2147483647;
			files = (
			);
			runOnlyForDeploymentPostprocessing = 0;
		};
		C1DDFA9C29A5895E0019E4CB /* Frameworks */ = {
			isa = PBXFrameworksBuildPhase;
			buildActionMask = 2147483647;
			files = (
				C1787D5A29B0183400C9D551 /* TidepoolKit in Frameworks */,
				C1787D5C29B018C000C9D551 /* LoopKit.framework in Frameworks */,
			);
			runOnlyForDeploymentPostprocessing = 0;
		};
/* End PBXFrameworksBuildPhase section */

/* Begin PBXGroup section */
		C11D2B9D29D274EA00A218BC /* ViewModels */ = {
			isa = PBXGroup;
			children = (
				C19F116A29AD47830055AC28 /* SummaryViewModel.swift */,
			);
			path = ViewModels;
			sourceTree = "<group>";
		};
		C16D40B129AE6536009504BB /* Mocks */ = {
			isa = PBXGroup;
			children = (
				C16D40B229AE6546009504BB /* SummaryViewModelMock.swift */,
			);
			path = Mocks;
			sourceTree = "<group>";
		};
		C1787D6329B6719900C9D551 /* CarePartnerTests */ = {
			isa = PBXGroup;
			children = (
				C1787D6429B6719900C9D551 /* CarePartnerTests.swift */,
			);
			path = CarePartnerTests;
			sourceTree = "<group>";
		};
		C19F116229AD38E00055AC28 /* Frameworks */ = {
			isa = PBXGroup;
			children = (
				C1787D5B29B018C000C9D551 /* LoopKit.framework */,
				C19F116329AD38E00055AC28 /* TidepoolKit.framework */,
				C19F116429AD38E00055AC28 /* TidepoolKitUI.framework */,
			);
			name = Frameworks;
			sourceTree = "<group>";
		};
		C19F116C29AD4AD60055AC28 /* Views */ = {
			isa = PBXGroup;
			children = (
				C11D2B9B29D2746800A218BC /* FolloweeSummaryView.swift */,
				C1DDFAA429A5895E0019E4CB /* SummaryView.swift */,
				C11D2B7529CF9FFE00A218BC /* AccountSettingsView.swift */,
				C11D2B7B29D2593300A218BC /* LoopCircleView.swift */,
			);
			path = Views;
			sourceTree = "<group>";
		};
		C19F116F29AD5A570055AC28 /* Extensions */ = {
			isa = PBXGroup;
			children = (
				C19F117029AD5A620055AC28 /* OSLog.swift */,
				C11D2B7929D2531300A218BC /* HKUnit.swift */,
				C11D2B7F29D2598A00A218BC /* TimeInterval.swift */,
			);
			path = Extensions;
			sourceTree = "<group>";
		};
		C19F117229AE582E0055AC28 /* Models */ = {
			isa = PBXGroup;
			children = (
				C19F116D29AD4AEA0055AC28 /* TidepoolClient.swift */,
				C19F117329AE583A0055AC28 /* FollowedAccount.swift */,
				C11D2B7D29D2596800A218BC /* LoopCompletionFreshness.swift */,
			);
			path = Models;
			sourceTree = "<group>";
		};
		C1DDFA9629A5895E0019E4CB = {
			isa = PBXGroup;
			children = (
				C1DDFAA129A5895E0019E4CB /* CarePartner */,
				C1787D6329B6719900C9D551 /* CarePartnerTests */,
				C1DDFAA029A5895E0019E4CB /* Products */,
				C19F116229AD38E00055AC28 /* Frameworks */,
			);
			sourceTree = "<group>";
		};
		C1DDFAA029A5895E0019E4CB /* Products */ = {
			isa = PBXGroup;
			children = (
				C1DDFA9F29A5895E0019E4CB /* CarePartner.app */,
				C1787D6229B6719900C9D551 /* CarePartnerTests.xctest */,
			);
			name = Products;
			sourceTree = "<group>";
		};
		C1DDFAA129A5895E0019E4CB /* CarePartner */ = {
			isa = PBXGroup;
			children = (
				C16D40B129AE6536009504BB /* Mocks */,
				C19F117229AE582E0055AC28 /* Models */,
				C19F116F29AD5A570055AC28 /* Extensions */,
				C19F116C29AD4AD60055AC28 /* Views */,
				C11D2B9D29D274EA00A218BC /* ViewModels */,
				C19F116129AD38D40055AC28 /* Info.plist */,
				C1DDFAA229A5895E0019E4CB /* CarePartnerApp.swift */,
				C1DDFAA629A5895F0019E4CB /* Assets.xcassets */,
				C1DDFAA829A5895F0019E4CB /* CarePartner.entitlements */,
				C1DDFAA929A5895F0019E4CB /* Preview Content */,
			);
			path = CarePartner;
			sourceTree = "<group>";
		};
		C1DDFAA929A5895F0019E4CB /* Preview Content */ = {
			isa = PBXGroup;
			children = (
				C1DDFAAA29A5895F0019E4CB /* Preview Assets.xcassets */,
			);
			path = "Preview Content";
			sourceTree = "<group>";
		};
/* End PBXGroup section */

/* Begin PBXNativeTarget section */
		C1787D6129B6719900C9D551 /* CarePartnerTests */ = {
			isa = PBXNativeTarget;
			buildConfigurationList = C1787D6829B6719900C9D551 /* Build configuration list for PBXNativeTarget "CarePartnerTests" */;
			buildPhases = (
				C1787D5E29B6719900C9D551 /* Sources */,
				C1787D5F29B6719900C9D551 /* Frameworks */,
				C1787D6029B6719900C9D551 /* Resources */,
			);
			buildRules = (
			);
			dependencies = (
				C1787D6729B6719900C9D551 /* PBXTargetDependency */,
			);
			name = CarePartnerTests;
			productName = CarePartnerTests;
			productReference = C1787D6229B6719900C9D551 /* CarePartnerTests.xctest */;
			productType = "com.apple.product-type.bundle.unit-test";
		};
		C1DDFA9E29A5895E0019E4CB /* CarePartner */ = {
			isa = PBXNativeTarget;
			buildConfigurationList = C1DDFAAE29A5895F0019E4CB /* Build configuration list for PBXNativeTarget "CarePartner" */;
			buildPhases = (
				C1DDFA9B29A5895E0019E4CB /* Sources */,
				C1DDFA9C29A5895E0019E4CB /* Frameworks */,
				C1DDFA9D29A5895E0019E4CB /* Resources */,
				C19F116929AD38E00055AC28 /* Embed Frameworks */,
			);
			buildRules = (
			);
			dependencies = (
			);
			name = CarePartner;
			packageProductDependencies = (
				C1787D5929B0183400C9D551 /* TidepoolKit */,
			);
			productName = CarePartner;
			productReference = C1DDFA9F29A5895E0019E4CB /* CarePartner.app */;
			productType = "com.apple.product-type.application";
		};
/* End PBXNativeTarget section */

/* Begin PBXProject section */
		C1DDFA9729A5895E0019E4CB /* Project object */ = {
			isa = PBXProject;
			attributes = {
				BuildIndependentTargetsInParallel = 1;
				LastSwiftUpdateCheck = 1420;
				LastUpgradeCheck = 1420;
				ORGANIZATIONNAME = "Tidepool Project";
				TargetAttributes = {
					C1787D6129B6719900C9D551 = {
						CreatedOnToolsVersion = 14.2;
						TestTargetID = C1DDFA9E29A5895E0019E4CB;
					};
					C1DDFA9E29A5895E0019E4CB = {
						CreatedOnToolsVersion = 14.2;
					};
				};
			};
			buildConfigurationList = C1DDFA9A29A5895E0019E4CB /* Build configuration list for PBXProject "CarePartner" */;
			compatibilityVersion = "Xcode 14.0";
			developmentRegion = en;
			hasScannedForEncodings = 0;
			knownRegions = (
				en,
				Base,
			);
			mainGroup = C1DDFA9629A5895E0019E4CB;
			packageReferences = (
				C1787D5829B0183400C9D551 /* XCRemoteSwiftPackageReference "TidepoolKit" */,
			);
			productRefGroup = C1DDFAA029A5895E0019E4CB /* Products */;
			projectDirPath = "";
			projectRoot = "";
			targets = (
				C1DDFA9E29A5895E0019E4CB /* CarePartner */,
				C1787D6129B6719900C9D551 /* CarePartnerTests */,
			);
		};
/* End PBXProject section */

/* Begin PBXResourcesBuildPhase section */
		C1787D6029B6719900C9D551 /* Resources */ = {
			isa = PBXResourcesBuildPhase;
			buildActionMask = 2147483647;
			files = (
			);
			runOnlyForDeploymentPostprocessing = 0;
		};
		C1DDFA9D29A5895E0019E4CB /* Resources */ = {
			isa = PBXResourcesBuildPhase;
			buildActionMask = 2147483647;
			files = (
				C1DDFAAB29A5895F0019E4CB /* Preview Assets.xcassets in Resources */,
				C1DDFAA729A5895F0019E4CB /* Assets.xcassets in Resources */,
			);
			runOnlyForDeploymentPostprocessing = 0;
		};
/* End PBXResourcesBuildPhase section */

/* Begin PBXSourcesBuildPhase section */
		C1787D5E29B6719900C9D551 /* Sources */ = {
			isa = PBXSourcesBuildPhase;
			buildActionMask = 2147483647;
			files = (
				C1787D6529B6719900C9D551 /* CarePartnerTests.swift in Sources */,
			);
			runOnlyForDeploymentPostprocessing = 0;
		};
		C1DDFA9B29A5895E0019E4CB /* Sources */ = {
			isa = PBXSourcesBuildPhase;
			buildActionMask = 2147483647;
			files = (
				C11D2B7E29D2596800A218BC /* LoopCompletionFreshness.swift in Sources */,
				C11D2B8029D2598A00A218BC /* TimeInterval.swift in Sources */,
				C1DDFAA529A5895E0019E4CB /* SummaryView.swift in Sources */,
				C16D40B329AE6546009504BB /* SummaryViewModelMock.swift in Sources */,
				C11D2B7A29D2531300A218BC /* HKUnit.swift in Sources */,
				C1DDFAA329A5895E0019E4CB /* CarePartnerApp.swift in Sources */,
				C11D2B7C29D2593300A218BC /* LoopCircleView.swift in Sources */,
				C11D2B9C29D2746800A218BC /* FolloweeSummaryView.swift in Sources */,
				C19F116E29AD4AEA0055AC28 /* TidepoolClient.swift in Sources */,
				C19F116B29AD47830055AC28 /* SummaryViewModel.swift in Sources */,
				C11D2B7629CF9FFE00A218BC /* AccountSettingsView.swift in Sources */,
				C19F117129AD5A620055AC28 /* OSLog.swift in Sources */,
				C19F117429AE583A0055AC28 /* FollowedAccount.swift in Sources */,
			);
			runOnlyForDeploymentPostprocessing = 0;
		};
/* End PBXSourcesBuildPhase section */

/* Begin PBXTargetDependency section */
		C1787D6729B6719900C9D551 /* PBXTargetDependency */ = {
			isa = PBXTargetDependency;
			target = C1DDFA9E29A5895E0019E4CB /* CarePartner */;
			targetProxy = C1787D6629B6719900C9D551 /* PBXContainerItemProxy */;
		};
/* End PBXTargetDependency section */

/* Begin XCBuildConfiguration section */
		C1787D6929B6719900C9D551 /* Debug */ = {
			isa = XCBuildConfiguration;
			buildSettings = {
				BUNDLE_LOADER = "$(TEST_HOST)";
				CODE_SIGN_STYLE = Automatic;
				CURRENT_PROJECT_VERSION = 1;
				DEVELOPMENT_TEAM = 75U4X84TEG;
				GENERATE_INFOPLIST_FILE = YES;
				IPHONEOS_DEPLOYMENT_TARGET = 16.2;
				MARKETING_VERSION = 1.0;
				PRODUCT_BUNDLE_IDENTIFIER = org.tidepool.CarePartnerTests;
				PRODUCT_NAME = "$(TARGET_NAME)";
				SDKROOT = iphoneos;
				SWIFT_EMIT_LOC_STRINGS = NO;
				SWIFT_VERSION = 5.0;
				TARGETED_DEVICE_FAMILY = "1,2";
				TEST_HOST = "$(BUILT_PRODUCTS_DIR)/CarePartner.app/$(BUNDLE_EXECUTABLE_FOLDER_PATH)/CarePartner";
			};
			name = Debug;
		};
		C1787D6A29B6719900C9D551 /* Release */ = {
			isa = XCBuildConfiguration;
			buildSettings = {
				BUNDLE_LOADER = "$(TEST_HOST)";
				CODE_SIGN_STYLE = Automatic;
				CURRENT_PROJECT_VERSION = 1;
				DEVELOPMENT_TEAM = 75U4X84TEG;
				GENERATE_INFOPLIST_FILE = YES;
				IPHONEOS_DEPLOYMENT_TARGET = 16.2;
				MARKETING_VERSION = 1.0;
				PRODUCT_BUNDLE_IDENTIFIER = org.tidepool.CarePartnerTests;
				PRODUCT_NAME = "$(TARGET_NAME)";
				SDKROOT = iphoneos;
				SWIFT_EMIT_LOC_STRINGS = NO;
				SWIFT_VERSION = 5.0;
				TARGETED_DEVICE_FAMILY = "1,2";
				TEST_HOST = "$(BUILT_PRODUCTS_DIR)/CarePartner.app/$(BUNDLE_EXECUTABLE_FOLDER_PATH)/CarePartner";
				VALIDATE_PRODUCT = YES;
			};
			name = Release;
		};
		C1DDFAAC29A5895F0019E4CB /* Debug */ = {
			isa = XCBuildConfiguration;
			buildSettings = {
				ALWAYS_SEARCH_USER_PATHS = NO;
				CLANG_ANALYZER_NONNULL = YES;
				CLANG_ANALYZER_NUMBER_OBJECT_CONVERSION = YES_AGGRESSIVE;
				CLANG_CXX_LANGUAGE_STANDARD = "gnu++20";
				CLANG_ENABLE_MODULES = YES;
				CLANG_ENABLE_OBJC_ARC = YES;
				CLANG_ENABLE_OBJC_WEAK = YES;
				CLANG_WARN_BLOCK_CAPTURE_AUTORELEASING = YES;
				CLANG_WARN_BOOL_CONVERSION = YES;
				CLANG_WARN_COMMA = YES;
				CLANG_WARN_CONSTANT_CONVERSION = YES;
				CLANG_WARN_DEPRECATED_OBJC_IMPLEMENTATIONS = YES;
				CLANG_WARN_DIRECT_OBJC_ISA_USAGE = YES_ERROR;
				CLANG_WARN_DOCUMENTATION_COMMENTS = YES;
				CLANG_WARN_EMPTY_BODY = YES;
				CLANG_WARN_ENUM_CONVERSION = YES;
				CLANG_WARN_INFINITE_RECURSION = YES;
				CLANG_WARN_INT_CONVERSION = YES;
				CLANG_WARN_NON_LITERAL_NULL_CONVERSION = YES;
				CLANG_WARN_OBJC_IMPLICIT_RETAIN_SELF = YES;
				CLANG_WARN_OBJC_LITERAL_CONVERSION = YES;
				CLANG_WARN_OBJC_ROOT_CLASS = YES_ERROR;
				CLANG_WARN_QUOTED_INCLUDE_IN_FRAMEWORK_HEADER = YES;
				CLANG_WARN_RANGE_LOOP_ANALYSIS = YES;
				CLANG_WARN_STRICT_PROTOTYPES = YES;
				CLANG_WARN_SUSPICIOUS_MOVE = YES;
				CLANG_WARN_UNGUARDED_AVAILABILITY = YES_AGGRESSIVE;
				CLANG_WARN_UNREACHABLE_CODE = YES;
				CLANG_WARN__DUPLICATE_METHOD_MATCH = YES;
				COPY_PHASE_STRIP = NO;
				DEBUG_INFORMATION_FORMAT = dwarf;
				ENABLE_STRICT_OBJC_MSGSEND = YES;
				ENABLE_TESTABILITY = YES;
				GCC_C_LANGUAGE_STANDARD = gnu11;
				GCC_DYNAMIC_NO_PIC = NO;
				GCC_NO_COMMON_BLOCKS = YES;
				GCC_OPTIMIZATION_LEVEL = 0;
				GCC_PREPROCESSOR_DEFINITIONS = (
					"DEBUG=1",
					"$(inherited)",
				);
				GCC_WARN_64_TO_32_BIT_CONVERSION = YES;
				GCC_WARN_ABOUT_RETURN_TYPE = YES_ERROR;
				GCC_WARN_UNDECLARED_SELECTOR = YES;
				GCC_WARN_UNINITIALIZED_AUTOS = YES_AGGRESSIVE;
				GCC_WARN_UNUSED_FUNCTION = YES;
				GCC_WARN_UNUSED_VARIABLE = YES;
				MTL_ENABLE_DEBUG_INFO = INCLUDE_SOURCE;
				MTL_FAST_MATH = YES;
				ONLY_ACTIVE_ARCH = YES;
				SWIFT_ACTIVE_COMPILATION_CONDITIONS = DEBUG;
				SWIFT_OPTIMIZATION_LEVEL = "-Onone";
			};
			name = Debug;
		};
		C1DDFAAD29A5895F0019E4CB /* Release */ = {
			isa = XCBuildConfiguration;
			buildSettings = {
				ALWAYS_SEARCH_USER_PATHS = NO;
				CLANG_ANALYZER_NONNULL = YES;
				CLANG_ANALYZER_NUMBER_OBJECT_CONVERSION = YES_AGGRESSIVE;
				CLANG_CXX_LANGUAGE_STANDARD = "gnu++20";
				CLANG_ENABLE_MODULES = YES;
				CLANG_ENABLE_OBJC_ARC = YES;
				CLANG_ENABLE_OBJC_WEAK = YES;
				CLANG_WARN_BLOCK_CAPTURE_AUTORELEASING = YES;
				CLANG_WARN_BOOL_CONVERSION = YES;
				CLANG_WARN_COMMA = YES;
				CLANG_WARN_CONSTANT_CONVERSION = YES;
				CLANG_WARN_DEPRECATED_OBJC_IMPLEMENTATIONS = YES;
				CLANG_WARN_DIRECT_OBJC_ISA_USAGE = YES_ERROR;
				CLANG_WARN_DOCUMENTATION_COMMENTS = YES;
				CLANG_WARN_EMPTY_BODY = YES;
				CLANG_WARN_ENUM_CONVERSION = YES;
				CLANG_WARN_INFINITE_RECURSION = YES;
				CLANG_WARN_INT_CONVERSION = YES;
				CLANG_WARN_NON_LITERAL_NULL_CONVERSION = YES;
				CLANG_WARN_OBJC_IMPLICIT_RETAIN_SELF = YES;
				CLANG_WARN_OBJC_LITERAL_CONVERSION = YES;
				CLANG_WARN_OBJC_ROOT_CLASS = YES_ERROR;
				CLANG_WARN_QUOTED_INCLUDE_IN_FRAMEWORK_HEADER = YES;
				CLANG_WARN_RANGE_LOOP_ANALYSIS = YES;
				CLANG_WARN_STRICT_PROTOTYPES = YES;
				CLANG_WARN_SUSPICIOUS_MOVE = YES;
				CLANG_WARN_UNGUARDED_AVAILABILITY = YES_AGGRESSIVE;
				CLANG_WARN_UNREACHABLE_CODE = YES;
				CLANG_WARN__DUPLICATE_METHOD_MATCH = YES;
				COPY_PHASE_STRIP = NO;
				DEBUG_INFORMATION_FORMAT = "dwarf-with-dsym";
				ENABLE_NS_ASSERTIONS = NO;
				ENABLE_STRICT_OBJC_MSGSEND = YES;
				GCC_C_LANGUAGE_STANDARD = gnu11;
				GCC_NO_COMMON_BLOCKS = YES;
				GCC_WARN_64_TO_32_BIT_CONVERSION = YES;
				GCC_WARN_ABOUT_RETURN_TYPE = YES_ERROR;
				GCC_WARN_UNDECLARED_SELECTOR = YES;
				GCC_WARN_UNINITIALIZED_AUTOS = YES_AGGRESSIVE;
				GCC_WARN_UNUSED_FUNCTION = YES;
				GCC_WARN_UNUSED_VARIABLE = YES;
				MTL_ENABLE_DEBUG_INFO = NO;
				MTL_FAST_MATH = YES;
				SWIFT_COMPILATION_MODE = wholemodule;
				SWIFT_OPTIMIZATION_LEVEL = "-O";
			};
			name = Release;
		};
		C1DDFAAF29A5895F0019E4CB /* Debug */ = {
			isa = XCBuildConfiguration;
			buildSettings = {
				ASSETCATALOG_COMPILER_APPICON_NAME = AppIcon;
				ASSETCATALOG_COMPILER_GLOBAL_ACCENT_COLOR_NAME = AccentColor;
				CODE_SIGN_ENTITLEMENTS = CarePartner/CarePartner.entitlements;
				CODE_SIGN_IDENTITY = "Apple Development";
				CODE_SIGN_STYLE = Automatic;
				CURRENT_PROJECT_VERSION = 1;
				DEVELOPMENT_ASSET_PATHS = "\"CarePartner/Preview Content\"";
				DEVELOPMENT_TEAM = 75U4X84TEG;
				ENABLE_HARDENED_RUNTIME = YES;
				ENABLE_PREVIEWS = YES;
				GENERATE_INFOPLIST_FILE = YES;
				INFOPLIST_FILE = CarePartner/Info.plist;
				"INFOPLIST_KEY_UIApplicationSceneManifest_Generation[sdk=iphoneos*]" = YES;
				"INFOPLIST_KEY_UIApplicationSceneManifest_Generation[sdk=iphonesimulator*]" = YES;
				"INFOPLIST_KEY_UIApplicationSupportsIndirectInputEvents[sdk=iphoneos*]" = YES;
				"INFOPLIST_KEY_UIApplicationSupportsIndirectInputEvents[sdk=iphonesimulator*]" = YES;
				"INFOPLIST_KEY_UILaunchScreen_Generation[sdk=iphoneos*]" = YES;
				"INFOPLIST_KEY_UILaunchScreen_Generation[sdk=iphonesimulator*]" = YES;
				"INFOPLIST_KEY_UIStatusBarStyle[sdk=iphoneos*]" = UIStatusBarStyleDefault;
				"INFOPLIST_KEY_UIStatusBarStyle[sdk=iphonesimulator*]" = UIStatusBarStyleDefault;
				INFOPLIST_KEY_UISupportedInterfaceOrientations_iPad = "UIInterfaceOrientationPortrait UIInterfaceOrientationPortraitUpsideDown UIInterfaceOrientationLandscapeLeft UIInterfaceOrientationLandscapeRight";
				INFOPLIST_KEY_UISupportedInterfaceOrientations_iPhone = "UIInterfaceOrientationPortrait UIInterfaceOrientationLandscapeLeft UIInterfaceOrientationLandscapeRight";
				IPHONEOS_DEPLOYMENT_TARGET = 16.2;
				LD_RUNPATH_SEARCH_PATHS = "@executable_path/Frameworks";
				"LD_RUNPATH_SEARCH_PATHS[sdk=macosx*]" = "@executable_path/../Frameworks";
				MACOSX_DEPLOYMENT_TARGET = 13.1;
				MARKETING_VERSION = 1.0;
				PRODUCT_BUNDLE_IDENTIFIER = org.tidepool.carepartner;
				PRODUCT_NAME = "$(TARGET_NAME)";
				PROVISIONING_PROFILE_SPECIFIER = "";
				SDKROOT = auto;
				SUPPORTED_PLATFORMS = "iphoneos iphonesimulator";
				SUPPORTS_MACCATALYST = NO;
				SUPPORTS_MAC_DESIGNED_FOR_IPHONE_IPAD = NO;
				SWIFT_EMIT_LOC_STRINGS = YES;
				SWIFT_VERSION = 5.0;
				TARGETED_DEVICE_FAMILY = 1;
			};
			name = Debug;
		};
		C1DDFAB029A5895F0019E4CB /* Release */ = {
			isa = XCBuildConfiguration;
			buildSettings = {
				ASSETCATALOG_COMPILER_APPICON_NAME = AppIcon;
				ASSETCATALOG_COMPILER_GLOBAL_ACCENT_COLOR_NAME = AccentColor;
				CODE_SIGN_ENTITLEMENTS = CarePartner/CarePartner.entitlements;
				CODE_SIGN_IDENTITY = "Apple Development";
				"CODE_SIGN_IDENTITY[sdk=iphoneos*]" = "iPhone Distribution";
				CODE_SIGN_STYLE = Manual;
				CURRENT_PROJECT_VERSION = 1;
				DEVELOPMENT_ASSET_PATHS = "\"CarePartner/Preview Content\"";
				DEVELOPMENT_TEAM = "";
				"DEVELOPMENT_TEAM[sdk=iphoneos*]" = 75U4X84TEG;
				ENABLE_HARDENED_RUNTIME = YES;
				ENABLE_PREVIEWS = YES;
				GENERATE_INFOPLIST_FILE = YES;
				INFOPLIST_FILE = CarePartner/Info.plist;
				"INFOPLIST_KEY_UIApplicationSceneManifest_Generation[sdk=iphoneos*]" = YES;
				"INFOPLIST_KEY_UIApplicationSceneManifest_Generation[sdk=iphonesimulator*]" = YES;
				"INFOPLIST_KEY_UIApplicationSupportsIndirectInputEvents[sdk=iphoneos*]" = YES;
				"INFOPLIST_KEY_UIApplicationSupportsIndirectInputEvents[sdk=iphonesimulator*]" = YES;
				"INFOPLIST_KEY_UILaunchScreen_Generation[sdk=iphoneos*]" = YES;
				"INFOPLIST_KEY_UILaunchScreen_Generation[sdk=iphonesimulator*]" = YES;
				"INFOPLIST_KEY_UIStatusBarStyle[sdk=iphoneos*]" = UIStatusBarStyleDefault;
				"INFOPLIST_KEY_UIStatusBarStyle[sdk=iphonesimulator*]" = UIStatusBarStyleDefault;
				INFOPLIST_KEY_UISupportedInterfaceOrientations_iPad = "UIInterfaceOrientationPortrait UIInterfaceOrientationPortraitUpsideDown UIInterfaceOrientationLandscapeLeft UIInterfaceOrientationLandscapeRight";
				INFOPLIST_KEY_UISupportedInterfaceOrientations_iPhone = "UIInterfaceOrientationPortrait UIInterfaceOrientationLandscapeLeft UIInterfaceOrientationLandscapeRight";
				IPHONEOS_DEPLOYMENT_TARGET = 16.2;
				LD_RUNPATH_SEARCH_PATHS = "@executable_path/Frameworks";
				"LD_RUNPATH_SEARCH_PATHS[sdk=macosx*]" = "@executable_path/../Frameworks";
				MACOSX_DEPLOYMENT_TARGET = 13.1;
				MARKETING_VERSION = 1.0;
				PRODUCT_BUNDLE_IDENTIFIER = org.tidepool.carepartner;
				PRODUCT_NAME = "$(TARGET_NAME)";
				PROVISIONING_PROFILE_SPECIFIER = "";
				"PROVISIONING_PROFILE_SPECIFIER[sdk=iphoneos*]" = "match AppStore org.tidepool.carepartner 1679762645";
				SDKROOT = auto;
				SUPPORTED_PLATFORMS = "iphoneos iphonesimulator";
				SUPPORTS_MACCATALYST = NO;
				SUPPORTS_MAC_DESIGNED_FOR_IPHONE_IPAD = NO;
				SWIFT_EMIT_LOC_STRINGS = YES;
				SWIFT_VERSION = 5.0;
				TARGETED_DEVICE_FAMILY = 1;
			};
			name = Release;
		};
/* End XCBuildConfiguration section */

/* Begin XCConfigurationList section */
		C1787D6829B6719900C9D551 /* Build configuration list for PBXNativeTarget "CarePartnerTests" */ = {
			isa = XCConfigurationList;
			buildConfigurations = (
				C1787D6929B6719900C9D551 /* Debug */,
				C1787D6A29B6719900C9D551 /* Release */,
			);
			defaultConfigurationIsVisible = 0;
			defaultConfigurationName = Release;
		};
		C1DDFA9A29A5895E0019E4CB /* Build configuration list for PBXProject "CarePartner" */ = {
			isa = XCConfigurationList;
			buildConfigurations = (
				C1DDFAAC29A5895F0019E4CB /* Debug */,
				C1DDFAAD29A5895F0019E4CB /* Release */,
			);
			defaultConfigurationIsVisible = 0;
			defaultConfigurationName = Release;
		};
		C1DDFAAE29A5895F0019E4CB /* Build configuration list for PBXNativeTarget "CarePartner" */ = {
			isa = XCConfigurationList;
			buildConfigurations = (
				C1DDFAAF29A5895F0019E4CB /* Debug */,
				C1DDFAB029A5895F0019E4CB /* Release */,
			);
			defaultConfigurationIsVisible = 0;
			defaultConfigurationName = Release;
		};
/* End XCConfigurationList section */

/* Begin XCRemoteSwiftPackageReference section */
		C1787D5829B0183400C9D551 /* XCRemoteSwiftPackageReference "TidepoolKit" */ = {
			isa = XCRemoteSwiftPackageReference;
			repositoryURL = "https://github.com/tidepool-org/TidepoolKit.git";
			requirement = {
				branch = "ps2/LOOP-887/keycloak-updates";
				kind = branch;
			};
		};
/* End XCRemoteSwiftPackageReference section */

/* Begin XCSwiftPackageProductDependency section */
		C1787D5929B0183400C9D551 /* TidepoolKit */ = {
			isa = XCSwiftPackageProductDependency;
			package = C1787D5829B0183400C9D551 /* XCRemoteSwiftPackageReference "TidepoolKit" */;
			productName = TidepoolKit;
		};
/* End XCSwiftPackageProductDependency section */
	};
	rootObject = C1DDFA9729A5895E0019E4CB /* Project object */;
}
