{
  "pins" : [
    {
      "identity" : "swiftcharts",
      "kind" : "remoteSourceControl",
      "location" : "https://github.com/ivanschuetz/SwiftCharts",
      "state" : {
        "branch" : "master",
        "revision" : "c354c1945bb35a1f01b665b22474f6db28cba4a2"
      }
    },
    {
      "identity" : "tidepoolkit",
      "kind" : "remoteSourceControl",
      "location" : "https://github.com/tidepool-org/TidepoolKit.git",
      "state" : {
        "branch" : "cameron/CPA-136-device-push-tokens",
        "revision" : "a3ed4644c25d386a94ec6b21488d5bc73c3260a1"
      }
    }
  ],
  "version" : 2
}
