{
  "pins" : [
    {
      "identity" : "swiftcharts",
      "kind" : "remoteSourceControl",
      "location" : "https://github.com/ivanschuetz/SwiftCharts",
      "state" : {
        "branch" : "master",
        "revision" : "c354c1945bb35a1f01b665b22474f6db28cba4a2"
      }
    },
    {
      "identity" : "tidepoolkit",
      "kind" : "remoteSourceControl",
      "location" : "https://github.com/tidepool-org/TidepoolKit.git",
      "state" : {
        "branch" : "dev",
        "revision" : "d1625d87c9fe2dead993cc3f4ff2380df138e626"
      }
    }
  ],
  "version" : 2
}
