{
  "pins" : [
    {
      "identity" : "tidepoolkit",
      "kind" : "remoteSourceControl",
      "location" : "https://github.com/tidepool-org/TidepoolKit.git",
      "state" : {
        "branch" : "dev",
        "revision" : "d23a6d745647acbec845d958f73fb8058fa5b2a4"
      }
    }
  ],
  "version" : 2
}
